
Microsoft Visual Studio Solution File, Format Version 12.00
# Visual Studio 15
VisualStudioVersion = 15.0.27004.2008
MinimumVisualStudioVersion = 10.0.40219.1
Project("{2150E333-8FDC-42A3-9474-1A3956D46DE8}") = "01 kintamieji", "01 kintamieji", "{C91578A7-AA97-4963-890C-0153A94D6585}"
EndProject
Project("{2150E333-8FDC-42A3-9474-1A3956D46DE8}") = "02 isvedimas", "02 isvedimas", "{C0899785-B139-4FC9-9EDE-AD5B4842FB5A}"
EndProject
Project("{2150E333-8FDC-42A3-9474-1A3956D46DE8}") = "03 aritmetiniai veiksmai", "03 aritmetiniai veiksmai", "{3E0AD8AC-6660-4951-8B39-35C0D8FE50CF}"
EndProject
Project("{2150E333-8FDC-42A3-9474-1A3956D46DE8}") = "04 ivedimas", "04 ivedimas", "{A3FE1393-4DBD-4C8D-9564-72ACFB11FD56}"
EndProject
Project("{FAE04EC0-301F-11D3-BF4B-00C04F79EFBC}") = "1-1 uzduotis", "1-1 uzduotis\1-1 uzduotis.csproj", "{129778D1-53BF-4990-9C52-3B134C2EA5F2}"
EndProject
Project("{FAE04EC0-301F-11D3-BF4B-00C04F79EFBC}") = "2-1uzduotis", "2-1uzduotis\2-1uzduotis.csproj", "{07E6DBA9-3582-47A3-BD66-28ED94B34081}"
EndProject
Project("{FAE04EC0-301F-11D3-BF4B-00C04F79EFBC}") = "2-2 uzduotis", "2-2 uzduotis\2-2 uzduotis.csproj", "{FCA9CDD0-61AC-4AD0-BFF6-ED5257CA4391}"
EndProject
Project("{FAE04EC0-301F-11D3-BF4B-00C04F79EFBC}") = "2-3 uzduotis", "2-3 uzduotis\2-3 uzduotis.csproj", "{8707E465-EF40-47A9-B373-CEDA0B680905}"
EndProject
Project("{FAE04EC0-301F-11D3-BF4B-00C04F79EFBC}") = "2-4 uzduotis", "2-4 uzduotis\2-4 uzduotis.csproj", "{AC15C6A7-3328-4E5B-ADC5-072022DCFACE}"
EndProject
Project("{FAE04EC0-301F-11D3-BF4B-00C04F79EFBC}") = "2-5 uzduotis", "2-5 uzduotis\2-5 uzduotis.csproj", "{A2A10F39-857F-4A5B-B84D-CE203FE55065}"
EndProject
Project("{FAE04EC0-301F-11D3-BF4B-00C04F79EFBC}") = "2-6 uzduotis", "2-6 uzduotis\2-6 uzduotis.csproj", "{6279B558-D302-4720-8863-32C7F82B3070}"
EndProject
Project("{FAE04EC0-301F-11D3-BF4B-00C04F79EFBC}") = "3-1 uzduotis", "3-1 uzduotis\3-1 uzduotis.csproj", "{32BEFC7F-3684-462E-B34A-564D3802D178}"
EndProject
Project("{FAE04EC0-301F-11D3-BF4B-00C04F79EFBC}") = "3-2 uzduotis", "3-2 uzduotis\3-2 uzduotis.csproj", "{CCBACD59-C823-4D75-996A-645A6FD9AE84}"
EndProject
Project("{FAE04EC0-301F-11D3-BF4B-00C04F79EFBC}") = "3-3 uzduotis", "3-3 uzduotis\3-3 uzduotis.csproj", "{6FEECFC8-49B9-4ABA-85D1-FA03A56D0E66}"
EndProject
Project("{FAE04EC0-301F-11D3-BF4B-00C04F79EFBC}") = "3-4 uzduotis", "3-4 uzduotis\3-4 uzduotis.csproj", "{CBD64CF7-936E-4C19-A5B6-0D4853F44652}"
EndProject
Project("{FAE04EC0-301F-11D3-BF4B-00C04F79EFBC}") = "3-5 uzduotis", "3-5 uzduotis\3-5 uzduotis.csproj", "{78BB1CAB-E2C9-4DDF-86A9-5D314B1D43B4}"
EndProject
Project("{FAE04EC0-301F-11D3-BF4B-00C04F79EFBC}") = "3-6 uzduotis", "3-6 uzduotis\3-6 uzduotis.csproj", "{BC6AC36B-5EE1-4FED-811A-763D56017836}"
EndProject
Project("{FAE04EC0-301F-11D3-BF4B-00C04F79EFBC}") = "4 pasibandymai", "4 pasibandymai\4 pasibandymai.csproj", "{739F1714-262E-4A2A-823D-56DB02E8CC1D}"
EndProject
Project("{FAE04EC0-301F-11D3-BF4B-00C04F79EFBC}") = "4-1 uzduotis", "4-1 uzduotis\4-1 uzduotis.csproj", "{8EA88034-4DFE-4C0B-977D-DB317E89775D}"
EndProject
Project("{FAE04EC0-301F-11D3-BF4B-00C04F79EFBC}") = "4-2 uzduotis", "4-2 uzduotis\4-2 uzduotis.csproj", "{DF1345C3-8EFE-49DF-AC45-E4749C1C7187}"
EndProject
Project("{FAE04EC0-301F-11D3-BF4B-00C04F79EFBC}") = "4-3 uzduotis", "4-3 uzduotis\4-3 uzduotis.csproj", "{D4DDB85F-BDF9-422C-A4F6-54752166C263}"
EndProject
Project("{FAE04EC0-301F-11D3-BF4B-00C04F79EFBC}") = "4-4 uzduotis", "4-4 uzduotis\4-4 uzduotis.csproj", "{DCC21F1F-2AA4-467F-BE14-2B55839518EB}"
EndProject
Project("{FAE04EC0-301F-11D3-BF4B-00C04F79EFBC}") = "4-5 uzduotis", "4-5 uzduotis\4-5 uzduotis.csproj", "{E631F4AC-4453-4AE6-B25E-4B69C30A562C}"
EndProject
Project("{FAE04EC0-301F-11D3-BF4B-00C04F79EFBC}") = "4-6 uzduotis", "4-6 uzduotis\4-6 uzduotis.csproj", "{C0C0FA63-3273-487F-955F-4E1BD06BB902}"
EndProject
Project("{FAE04EC0-301F-11D3-BF4B-00C04F79EFBC}") = "4-7 uzduotis", "4-7 uzduotis\4-7 uzduotis.csproj", "{3BAF70A3-3E90-469F-A503-22C8974122A9}"
EndProject
Project("{2150E333-8FDC-42A3-9474-1A3956D46DE8}") = "05 IF", "05 IF", "{EA02DFC4-1BAD-4898-AE58-F3485F6A98DF}"
EndProject
Project("{FAE04EC0-301F-11D3-BF4B-00C04F79EFBC}") = "5-1 uzduotis", "5-1 uzduotis\5-1 uzduotis.csproj", "{5E459617-2A58-4A8F-AAF1-F46047ED5332}"
EndProject
Project("{FAE04EC0-301F-11D3-BF4B-00C04F79EFBC}") = "5-2 uzduotis", "5-2 uzduotis\5-2 uzduotis.csproj", "{E40C5AD3-A9C7-4F8E-92C1-E06989E45EA7}"
EndProject
Project("{FAE04EC0-301F-11D3-BF4B-00C04F79EFBC}") = "5-3 uzduotis", "5-3 uzduotis\5-3 uzduotis.csproj", "{09ADFB34-41B6-4594-BC31-630B90529403}"
EndProject
Project("{FAE04EC0-301F-11D3-BF4B-00C04F79EFBC}") = "5-4 uzduotis", "5-4 uzduotis\5-4 uzduotis.csproj", "{B9396080-08E7-4F63-AF0E-4AC70C2DDE34}"
EndProject
Project("{2150E333-8FDC-42A3-9474-1A3956D46DE8}") = "06 else if", "06 else if", "{8688B6A7-00BA-4B5B-8D8C-0D7090C1FCC3}"
EndProject
Project("{FAE04EC0-301F-11D3-BF4B-00C04F79EFBC}") = "6-2 uzduotis", "6-2 uzduotis\6-2 uzduotis.csproj", "{389D23A3-AF67-45C5-89A8-0CD72C47D464}"
EndProject
Project("{FAE04EC0-301F-11D3-BF4B-00C04F79EFBC}") = "6-3 uzduotis", "5-3\6-3 uzduotis.csproj", "{34125474-8858-492E-A0A3-D0AEDF87EFB7}"
EndProject
Project("{2150E333-8FDC-42A3-9474-1A3956D46DE8}") = "07 else", "07 else", "{693CC25D-CBE2-485E-9500-EC7EEFC98CB2}"
EndProject
Project("{2150E333-8FDC-42A3-9474-1A3956D46DE8}") = "08 if", "08 if", "{DF729E2C-1226-4FDF-87BD-E09B37CCC37F}"
EndProject
Project("{FAE04EC0-301F-11D3-BF4B-00C04F79EFBC}") = "7-1 uzduotis", "7-1 uzduotis\7-1 uzduotis.csproj", "{B1B60A1B-5929-4B1B-9CCC-BD9B9ABDF696}"
EndProject
Project("{FAE04EC0-301F-11D3-BF4B-00C04F79EFBC}") = "pvz", "pvz\pvz.csproj", "{B14A69A6-7B25-4B6B-8BA6-9523A224A58F}"
EndProject
Project("{FAE04EC0-301F-11D3-BF4B-00C04F79EFBC}") = "7-2 uzduotis", "7-2 uzduotis\7-2 uzduotis.csproj", "{BAB9DA77-314F-4A28-A22E-63BE49BC94E0}"
EndProject
Project("{FAE04EC0-301F-11D3-BF4B-00C04F79EFBC}") = "8-1 uzduotis", "8-1 uzduotis\8-1 uzduotis.csproj", "{F7B4CD90-77D4-4A3A-88E9-36118D8831C9}"
EndProject
Project("{FAE04EC0-301F-11D3-BF4B-00C04F79EFBC}") = "8-2 uzduotis", "8-2 uzduotis\8-2 uzduotis.csproj", "{D5BB0486-01F3-4F9A-A8B1-ECF895E0A9A3}"
EndProject
Project("{FAE04EC0-301F-11D3-BF4B-00C04F79EFBC}") = "8-3 uzduotis", "8-3 uzduotis\8-3 uzduotis.csproj", "{53645164-B9CC-413E-90A2-CE9E5F1F4DA5}"
EndProject
Project("{FAE04EC0-301F-11D3-BF4B-00C04F79EFBC}") = "8-4 uzduotis", "8-4 uzduotis\8-4 uzduotis.csproj", "{E70D8780-522A-4CD9-A994-47B7D6906A55}"
EndProject
Project("{2150E333-8FDC-42A3-9474-1A3956D46DE8}") = "09 swith", "09 swith", "{78EC7CD8-A365-48BE-9AD2-C965703E580F}"
EndProject
Project("{FAE04EC0-301F-11D3-BF4B-00C04F79EFBC}") = "9-1 uzduotis", "9-1 uzduotis\9-1 uzduotis.csproj", "{668A4B08-D000-47A4-8D29-51D83D228F02}"
EndProject
Project("{FAE04EC0-301F-11D3-BF4B-00C04F79EFBC}") = "9-2 uzduotis", "9-2 uzduotis\9-2 uzduotis.csproj", "{7454D6DB-40B4-4967-8770-2E65C5AE9146}"
EndProject
Project("{FAE04EC0-301F-11D3-BF4B-00C04F79EFBC}") = "9-3 uzduotis", "9-3 uzduotis\9-3 uzduotis.csproj", "{FDAD82DD-CD4A-475F-B965-EAE0F0F75AEE}"
EndProject
Project("{FAE04EC0-301F-11D3-BF4B-00C04F79EFBC}") = "9-4 uzduotis", "9-4 uzduotis\9-4 uzduotis.csproj", "{C2A200BB-A3AF-417E-ACC0-1DA28D5AD482}"
EndProject
Project("{FAE04EC0-301F-11D3-BF4B-00C04F79EFBC}") = "TARPINE uzduotis", "TARPINE uzduotis\TARPINE uzduotis.csproj", "{45C605A7-2F15-4E1D-9FCC-450B4D90E470}"
EndProject
Project("{2150E333-8FDC-42A3-9474-1A3956D46DE8}") = "11 ciklai", "11 ciklai", "{FD307FCC-8BF1-417C-9823-295233AC8D7E}"
EndProject
Project("{FAE04EC0-301F-11D3-BF4B-00C04F79EFBC}") = "11-1 uzduotis", "11-1 uzduotis\11-1 uzduotis.csproj", "{EC7C4AD9-70BF-409F-8A14-F5644440EAD9}"
EndProject
Project("{FAE04EC0-301F-11D3-BF4B-00C04F79EFBC}") = "11-2 uzduotis", "11-2 uzduotis\11-2 uzduotis.csproj", "{25E015EE-3FBC-4629-A359-F835302D8A06}"
EndProject
Project("{FAE04EC0-301F-11D3-BF4B-00C04F79EFBC}") = "11-3 uzduotis", "11-3 uzduotis\11-3 uzduotis.csproj", "{36F9A40B-84EA-4ABC-9F09-5AD3AE023C8E}"
EndProject
Project("{FAE04EC0-301F-11D3-BF4B-00C04F79EFBC}") = "11-4 uzduotis", "11-4 uzduotis\11-4 uzduotis.csproj", "{486ED8B2-0397-43CA-8B08-2B345606A30A}"
EndProject
Project("{FAE04EC0-301F-11D3-BF4B-00C04F79EFBC}") = "11-5 uzduotis", "11-5 uzduotis\11-5 uzduotis.csproj", "{C825F9C6-8B0F-4DEA-86DD-CF400156DE9C}"
EndProject
Project("{FAE04EC0-301F-11D3-BF4B-00C04F79EFBC}") = "11-6 uzduotis", "11-6 uzduotis\11-6 uzduotis.csproj", "{312B03CE-DF1C-4F16-8126-AD3475309550}"
EndProject
Project("{FAE04EC0-301F-11D3-BF4B-00C04F79EFBC}") = "11-7 uzduotis", "11-7 uzduotis\11-7 uzduotis.csproj", "{4C38E613-DC3B-430D-89BA-9BCEA8855DBD}"
EndProject
Project("{FAE04EC0-301F-11D3-BF4B-00C04F79EFBC}") = "11-8 uzduotis", "11-8 uzduotis\11-8 uzduotis.csproj", "{F223B571-8A8C-4958-9586-34937ED5EE77}"
EndProject
Project("{FAE04EC0-301F-11D3-BF4B-00C04F79EFBC}") = "11-9 uzduotis", "11-9 uzduotis\11-9 uzduotis.csproj", "{A8711394-82EF-4B01-8273-1312BA3D5E5F}"
EndProject
Project("{FAE04EC0-301F-11D3-BF4B-00C04F79EFBC}") = "11- 10 uzduotis", "11-10 uzduotis\11- 10 uzduotis.csproj", "{EA8CF702-D036-4C4C-8ACA-CCA68E8F1B35}"
EndProject
Project("{FAE04EC0-301F-11D3-BF4B-00C04F79EFBC}") = "11- 11 uzduotis", "11-11 uzduotis\11- 11 uzduotis.csproj", "{E5060168-D8A3-4BA0-A5A0-A0CE85D8CDD6}"
EndProject
Project("{2150E333-8FDC-42A3-9474-1A3956D46DE8}") = "12 while", "12 while", "{B61A4C53-A610-4DC8-B51A-F02CA4B28195}"
EndProject
Project("{FAE04EC0-301F-11D3-BF4B-00C04F79EFBC}") = "12-1 uzduotis", "12-1 uzduotis\12-1 uzduotis.csproj", "{2AE89C31-B154-4324-9C8C-F74D340F6E91}"
EndProject
Project("{FAE04EC0-301F-11D3-BF4B-00C04F79EFBC}") = "12-2 uzduotis", "12-uzduotis\12-2 uzduotis.csproj", "{70F0B9AB-6D59-4D8E-9E7C-278656FD7EF9}"
EndProject
Project("{FAE04EC0-301F-11D3-BF4B-00C04F79EFBC}") = "12-3 uzduotis", "12-3 uzduotis\12-3 uzduotis.csproj", "{0E3024CC-8670-46BA-A782-D3C5B4E6C893}"
EndProject
Project("{FAE04EC0-301F-11D3-BF4B-00C04F79EFBC}") = "12-4 uzduotis", "12-4 uzduotis\12-4 uzduotis.csproj", "{764EBFC2-3949-469D-BDAB-8A6A599FF336}"
EndProject
Project("{FAE04EC0-301F-11D3-BF4B-00C04F79EFBC}") = "12-5 uzduotis", "12-5 uzduotis\12-5 uzduotis.csproj", "{3BAC5D75-34B1-4D56-BC72-50687DF2B5FB}"
EndProject
Project("{FAE04EC0-301F-11D3-BF4B-00C04F79EFBC}") = "12-6 uzduotis", "12-6 uzduotis\12-6 uzduotis.csproj", "{DAB73A4B-EE73-4C98-8DE9-759C7B57E4AB}"
EndProject
Project("{2150E333-8FDC-42A3-9474-1A3956D46DE8}") = "13 do while", "13 do while", "{9DBDF3FE-AED5-4DB9-B23E-A2EF15A4E6E2}"
EndProject
Project("{FAE04EC0-301F-11D3-BF4B-00C04F79EFBC}") = "13-1 uzduotis", "13-1 uzduotis\13-1 uzduotis.csproj", "{1496D552-0424-4C61-823A-A14981EB0D3F}"
EndProject
Project("{FAE04EC0-301F-11D3-BF4B-00C04F79EFBC}") = "11-12 uzduotis", "11-12 uzduotis\11-12 uzduotis.csproj", "{10935A27-AEFB-4E49-87FA-2060D32180EF}"
EndProject
Project("{2150E333-8FDC-42A3-9474-1A3956D46DE8}") = "14 Tarpines", "14 Tarpines", "{AB11D7EE-B423-4DF5-B953-E1BDF6BECDD0}"
EndProject
Project("{FAE04EC0-301F-11D3-BF4B-00C04F79EFBC}") = "1 uzduotis", "1 uzduotis\1 uzduotis.csproj", "{FCDD27A7-2696-4777-BAB9-3E0EC6F39E81}"
EndProject
Project("{FAE04EC0-301F-11D3-BF4B-00C04F79EFBC}") = "6-1 uzduotis", "6-1 uzduotis\6-1 uzduotis.csproj", "{835961A0-914B-4DC1-8FCE-DF093EFC5F49}"
EndProject
Project("{FAE04EC0-301F-11D3-BF4B-00C04F79EFBC}") = "6-4 uzduotis", "6-4 uzduotis\6-4 uzduotis.csproj", "{ECD23F09-D73F-43C4-849E-B498BBAD16A8}"
EndProject
Project("{2150E333-8FDC-42A3-9474-1A3956D46DE8}") = "10 TARPINE", "10 TARPINE", "{F151CE78-A5E2-4C21-BAEE-41E5C15E10CC}"
EndProject
Project("{FAE04EC0-301F-11D3-BF4B-00C04F79EFBC}") = "papild uzduotis", "papild uzduotis\papild uzduotis.csproj", "{D6A5760B-E05A-41F3-817B-7343C0960144}"
EndProject
Project("{2150E333-8FDC-42A3-9474-1A3956D46DE8}") = "00 Papildomos uzduotys", "00 Papildomos uzduotys", "{1BA29C2F-B28A-4AA1-B906-9A975A3DB872}"
EndProject
Project("{FAE04EC0-301F-11D3-BF4B-00C04F79EFBC}") = "00-1 Papildomos", "00-1 Papildomos\00-1 Papildomos.csproj", "{5E6D677A-915C-4822-B08E-76E27DE4A2A1}"
EndProject
Project("{2150E333-8FDC-42A3-9474-1A3956D46DE8}") = "15 Masyvai", "15 Masyvai", "{C26F37A8-3F2F-4989-8AD3-FF951C616CB6}"
EndProject
Project("{FAE04EC0-301F-11D3-BF4B-00C04F79EFBC}") = "15-1 uzduotis", "15-1 uzduotis\15-1 uzduotis.csproj", "{2B4A4B26-F208-44C4-ADD4-5E6C3905F4D2}"
EndProject
Project("{FAE04EC0-301F-11D3-BF4B-00C04F79EFBC}") = "16-1 Temperaturu masyvas", "16 Temperaturu masyvas\16-1 Temperaturu masyvas.csproj", "{FDD00C6F-219E-44A0-A2D8-BB8EB1839610}"
EndProject
Project("{2150E333-8FDC-42A3-9474-1A3956D46DE8}") = "16 Algoritmas", "16 Algoritmas", "{E68E4501-FFE3-4B73-95BA-BAD4E8EDE2B4}"
EndProject
Project("{FAE04EC0-301F-11D3-BF4B-00C04F79EFBC}") = "16-2 uzduotis", "16-2 uzduotis\16-2 uzduotis.csproj", "{362FF981-B11A-4B81-81F6-AD58F44E5969}"
EndProject
Project("{FAE04EC0-301F-11D3-BF4B-00C04F79EFBC}") = "16-3 uzduotis", "16-3 uzduotis\16-3 uzduotis.csproj", "{FDB2A236-CEBC-4129-ADCC-7FAD109D6056}"
EndProject
Project("{2150E333-8FDC-42A3-9474-1A3956D46DE8}") = "17 Sarasai", "17 Sarasai", "{E3053425-A18D-4150-BDE0-D949444AB870}"
EndProject
Project("{FAE04EC0-301F-11D3-BF4B-00C04F79EFBC}") = "17-1 uzduotis", "17-1 uzduotis\17-1 uzduotis.csproj", "{BD504418-59F5-4503-888B-37A081919DC1}"
EndProject
Project("{FAE04EC0-301F-11D3-BF4B-00C04F79EFBC}") = "17-2", "17-2\17-2.csproj", "{2C2AC52A-1097-4BCF-A67C-D0A6EE9C4E3E}"
EndProject
Project("{FAE04EC0-301F-11D3-BF4B-00C04F79EFBC}") = "Papildoma uzduotis", "Papildoma uzduotis\Papildoma uzduotis.csproj", "{8E8EE8E0-5B99-49EE-804B-EA7955536D94}"
EndProject
Project("{2150E333-8FDC-42A3-9474-1A3956D46DE8}") = "18 Metodai", "18 Metodai", "{FE2B4318-6DDC-496B-99D5-26757CA9DA88}"
EndProject
Project("{FAE04EC0-301F-11D3-BF4B-00C04F79EFBC}") = "18-1 pvz", "18-1 pvz\18-1 pvz.csproj", "{2A7EE04A-C9EE-41C8-9D3A-7015F28AA544}"
EndProject
Project("{FAE04EC0-301F-11D3-BF4B-00C04F79EFBC}") = "18-2 Papildomos uzd", "18-2 Papildomos uzd\18-2 Papildomos uzd.csproj", "{C4BEBAED-7298-4870-916F-6ED39AEBC9EA}"
EndProject
Project("{FAE04EC0-301F-11D3-BF4B-00C04F79EFBC}") = "18-3 uzduotis", "18-2 uzduotis\18-3 uzduotis.csproj", "{8F22CF5B-2CA9-4020-97C2-975D0A67F232}"
EndProject
Global
	GlobalSection(SolutionConfigurationPlatforms) = preSolution
		Debug|Any CPU = Debug|Any CPU
		Release|Any CPU = Release|Any CPU
	EndGlobalSection
	GlobalSection(ProjectConfigurationPlatforms) = postSolution
		{129778D1-53BF-4990-9C52-3B134C2EA5F2}.Debug|Any CPU.ActiveCfg = Debug|Any CPU
		{129778D1-53BF-4990-9C52-3B134C2EA5F2}.Debug|Any CPU.Build.0 = Debug|Any CPU
		{129778D1-53BF-4990-9C52-3B134C2EA5F2}.Release|Any CPU.ActiveCfg = Release|Any CPU
		{129778D1-53BF-4990-9C52-3B134C2EA5F2}.Release|Any CPU.Build.0 = Release|Any CPU
		{07E6DBA9-3582-47A3-BD66-28ED94B34081}.Debug|Any CPU.ActiveCfg = Debug|Any CPU
		{07E6DBA9-3582-47A3-BD66-28ED94B34081}.Debug|Any CPU.Build.0 = Debug|Any CPU
		{07E6DBA9-3582-47A3-BD66-28ED94B34081}.Release|Any CPU.ActiveCfg = Release|Any CPU
		{07E6DBA9-3582-47A3-BD66-28ED94B34081}.Release|Any CPU.Build.0 = Release|Any CPU
		{FCA9CDD0-61AC-4AD0-BFF6-ED5257CA4391}.Debug|Any CPU.ActiveCfg = Debug|Any CPU
		{FCA9CDD0-61AC-4AD0-BFF6-ED5257CA4391}.Debug|Any CPU.Build.0 = Debug|Any CPU
		{FCA9CDD0-61AC-4AD0-BFF6-ED5257CA4391}.Release|Any CPU.ActiveCfg = Release|Any CPU
		{FCA9CDD0-61AC-4AD0-BFF6-ED5257CA4391}.Release|Any CPU.Build.0 = Release|Any CPU
		{8707E465-EF40-47A9-B373-CEDA0B680905}.Debug|Any CPU.ActiveCfg = Debug|Any CPU
		{8707E465-EF40-47A9-B373-CEDA0B680905}.Debug|Any CPU.Build.0 = Debug|Any CPU
		{8707E465-EF40-47A9-B373-CEDA0B680905}.Release|Any CPU.ActiveCfg = Release|Any CPU
		{8707E465-EF40-47A9-B373-CEDA0B680905}.Release|Any CPU.Build.0 = Release|Any CPU
		{AC15C6A7-3328-4E5B-ADC5-072022DCFACE}.Debug|Any CPU.ActiveCfg = Debug|Any CPU
		{AC15C6A7-3328-4E5B-ADC5-072022DCFACE}.Debug|Any CPU.Build.0 = Debug|Any CPU
		{AC15C6A7-3328-4E5B-ADC5-072022DCFACE}.Release|Any CPU.ActiveCfg = Release|Any CPU
		{AC15C6A7-3328-4E5B-ADC5-072022DCFACE}.Release|Any CPU.Build.0 = Release|Any CPU
		{A2A10F39-857F-4A5B-B84D-CE203FE55065}.Debug|Any CPU.ActiveCfg = Debug|Any CPU
		{A2A10F39-857F-4A5B-B84D-CE203FE55065}.Debug|Any CPU.Build.0 = Debug|Any CPU
		{A2A10F39-857F-4A5B-B84D-CE203FE55065}.Release|Any CPU.ActiveCfg = Release|Any CPU
		{A2A10F39-857F-4A5B-B84D-CE203FE55065}.Release|Any CPU.Build.0 = Release|Any CPU
		{6279B558-D302-4720-8863-32C7F82B3070}.Debug|Any CPU.ActiveCfg = Debug|Any CPU
		{6279B558-D302-4720-8863-32C7F82B3070}.Debug|Any CPU.Build.0 = Debug|Any CPU
		{6279B558-D302-4720-8863-32C7F82B3070}.Release|Any CPU.ActiveCfg = Release|Any CPU
		{6279B558-D302-4720-8863-32C7F82B3070}.Release|Any CPU.Build.0 = Release|Any CPU
		{32BEFC7F-3684-462E-B34A-564D3802D178}.Debug|Any CPU.ActiveCfg = Debug|Any CPU
		{32BEFC7F-3684-462E-B34A-564D3802D178}.Debug|Any CPU.Build.0 = Debug|Any CPU
		{32BEFC7F-3684-462E-B34A-564D3802D178}.Release|Any CPU.ActiveCfg = Release|Any CPU
		{32BEFC7F-3684-462E-B34A-564D3802D178}.Release|Any CPU.Build.0 = Release|Any CPU
		{CCBACD59-C823-4D75-996A-645A6FD9AE84}.Debug|Any CPU.ActiveCfg = Debug|Any CPU
		{CCBACD59-C823-4D75-996A-645A6FD9AE84}.Debug|Any CPU.Build.0 = Debug|Any CPU
		{CCBACD59-C823-4D75-996A-645A6FD9AE84}.Release|Any CPU.ActiveCfg = Release|Any CPU
		{CCBACD59-C823-4D75-996A-645A6FD9AE84}.Release|Any CPU.Build.0 = Release|Any CPU
		{6FEECFC8-49B9-4ABA-85D1-FA03A56D0E66}.Debug|Any CPU.ActiveCfg = Debug|Any CPU
		{6FEECFC8-49B9-4ABA-85D1-FA03A56D0E66}.Debug|Any CPU.Build.0 = Debug|Any CPU
		{6FEECFC8-49B9-4ABA-85D1-FA03A56D0E66}.Release|Any CPU.ActiveCfg = Release|Any CPU
		{6FEECFC8-49B9-4ABA-85D1-FA03A56D0E66}.Release|Any CPU.Build.0 = Release|Any CPU
		{CBD64CF7-936E-4C19-A5B6-0D4853F44652}.Debug|Any CPU.ActiveCfg = Debug|Any CPU
		{CBD64CF7-936E-4C19-A5B6-0D4853F44652}.Debug|Any CPU.Build.0 = Debug|Any CPU
		{CBD64CF7-936E-4C19-A5B6-0D4853F44652}.Release|Any CPU.ActiveCfg = Release|Any CPU
		{CBD64CF7-936E-4C19-A5B6-0D4853F44652}.Release|Any CPU.Build.0 = Release|Any CPU
		{78BB1CAB-E2C9-4DDF-86A9-5D314B1D43B4}.Debug|Any CPU.ActiveCfg = Debug|Any CPU
		{78BB1CAB-E2C9-4DDF-86A9-5D314B1D43B4}.Debug|Any CPU.Build.0 = Debug|Any CPU
		{78BB1CAB-E2C9-4DDF-86A9-5D314B1D43B4}.Release|Any CPU.ActiveCfg = Release|Any CPU
		{78BB1CAB-E2C9-4DDF-86A9-5D314B1D43B4}.Release|Any CPU.Build.0 = Release|Any CPU
		{BC6AC36B-5EE1-4FED-811A-763D56017836}.Debug|Any CPU.ActiveCfg = Debug|Any CPU
		{BC6AC36B-5EE1-4FED-811A-763D56017836}.Debug|Any CPU.Build.0 = Debug|Any CPU
		{BC6AC36B-5EE1-4FED-811A-763D56017836}.Release|Any CPU.ActiveCfg = Release|Any CPU
		{BC6AC36B-5EE1-4FED-811A-763D56017836}.Release|Any CPU.Build.0 = Release|Any CPU
		{739F1714-262E-4A2A-823D-56DB02E8CC1D}.Debug|Any CPU.ActiveCfg = Debug|Any CPU
		{739F1714-262E-4A2A-823D-56DB02E8CC1D}.Debug|Any CPU.Build.0 = Debug|Any CPU
		{739F1714-262E-4A2A-823D-56DB02E8CC1D}.Release|Any CPU.ActiveCfg = Release|Any CPU
		{739F1714-262E-4A2A-823D-56DB02E8CC1D}.Release|Any CPU.Build.0 = Release|Any CPU
		{8EA88034-4DFE-4C0B-977D-DB317E89775D}.Debug|Any CPU.ActiveCfg = Debug|Any CPU
		{8EA88034-4DFE-4C0B-977D-DB317E89775D}.Debug|Any CPU.Build.0 = Debug|Any CPU
		{8EA88034-4DFE-4C0B-977D-DB317E89775D}.Release|Any CPU.ActiveCfg = Release|Any CPU
		{8EA88034-4DFE-4C0B-977D-DB317E89775D}.Release|Any CPU.Build.0 = Release|Any CPU
		{DF1345C3-8EFE-49DF-AC45-E4749C1C7187}.Debug|Any CPU.ActiveCfg = Debug|Any CPU
		{DF1345C3-8EFE-49DF-AC45-E4749C1C7187}.Debug|Any CPU.Build.0 = Debug|Any CPU
		{DF1345C3-8EFE-49DF-AC45-E4749C1C7187}.Release|Any CPU.ActiveCfg = Release|Any CPU
		{DF1345C3-8EFE-49DF-AC45-E4749C1C7187}.Release|Any CPU.Build.0 = Release|Any CPU
		{D4DDB85F-BDF9-422C-A4F6-54752166C263}.Debug|Any CPU.ActiveCfg = Debug|Any CPU
		{D4DDB85F-BDF9-422C-A4F6-54752166C263}.Debug|Any CPU.Build.0 = Debug|Any CPU
		{D4DDB85F-BDF9-422C-A4F6-54752166C263}.Release|Any CPU.ActiveCfg = Release|Any CPU
		{D4DDB85F-BDF9-422C-A4F6-54752166C263}.Release|Any CPU.Build.0 = Release|Any CPU
		{DCC21F1F-2AA4-467F-BE14-2B55839518EB}.Debug|Any CPU.ActiveCfg = Debug|Any CPU
		{DCC21F1F-2AA4-467F-BE14-2B55839518EB}.Debug|Any CPU.Build.0 = Debug|Any CPU
		{DCC21F1F-2AA4-467F-BE14-2B55839518EB}.Release|Any CPU.ActiveCfg = Release|Any CPU
		{DCC21F1F-2AA4-467F-BE14-2B55839518EB}.Release|Any CPU.Build.0 = Release|Any CPU
		{E631F4AC-4453-4AE6-B25E-4B69C30A562C}.Debug|Any CPU.ActiveCfg = Debug|Any CPU
		{E631F4AC-4453-4AE6-B25E-4B69C30A562C}.Debug|Any CPU.Build.0 = Debug|Any CPU
		{E631F4AC-4453-4AE6-B25E-4B69C30A562C}.Release|Any CPU.ActiveCfg = Release|Any CPU
		{E631F4AC-4453-4AE6-B25E-4B69C30A562C}.Release|Any CPU.Build.0 = Release|Any CPU
		{C0C0FA63-3273-487F-955F-4E1BD06BB902}.Debug|Any CPU.ActiveCfg = Debug|Any CPU
		{C0C0FA63-3273-487F-955F-4E1BD06BB902}.Debug|Any CPU.Build.0 = Debug|Any CPU
		{C0C0FA63-3273-487F-955F-4E1BD06BB902}.Release|Any CPU.ActiveCfg = Release|Any CPU
		{C0C0FA63-3273-487F-955F-4E1BD06BB902}.Release|Any CPU.Build.0 = Release|Any CPU
		{3BAF70A3-3E90-469F-A503-22C8974122A9}.Debug|Any CPU.ActiveCfg = Debug|Any CPU
		{3BAF70A3-3E90-469F-A503-22C8974122A9}.Debug|Any CPU.Build.0 = Debug|Any CPU
		{3BAF70A3-3E90-469F-A503-22C8974122A9}.Release|Any CPU.ActiveCfg = Release|Any CPU
		{3BAF70A3-3E90-469F-A503-22C8974122A9}.Release|Any CPU.Build.0 = Release|Any CPU
		{5E459617-2A58-4A8F-AAF1-F46047ED5332}.Debug|Any CPU.ActiveCfg = Debug|Any CPU
		{5E459617-2A58-4A8F-AAF1-F46047ED5332}.Debug|Any CPU.Build.0 = Debug|Any CPU
		{5E459617-2A58-4A8F-AAF1-F46047ED5332}.Release|Any CPU.ActiveCfg = Release|Any CPU
		{5E459617-2A58-4A8F-AAF1-F46047ED5332}.Release|Any CPU.Build.0 = Release|Any CPU
		{E40C5AD3-A9C7-4F8E-92C1-E06989E45EA7}.Debug|Any CPU.ActiveCfg = Debug|Any CPU
		{E40C5AD3-A9C7-4F8E-92C1-E06989E45EA7}.Debug|Any CPU.Build.0 = Debug|Any CPU
		{E40C5AD3-A9C7-4F8E-92C1-E06989E45EA7}.Release|Any CPU.ActiveCfg = Release|Any CPU
		{E40C5AD3-A9C7-4F8E-92C1-E06989E45EA7}.Release|Any CPU.Build.0 = Release|Any CPU
		{09ADFB34-41B6-4594-BC31-630B90529403}.Debug|Any CPU.ActiveCfg = Debug|Any CPU
		{09ADFB34-41B6-4594-BC31-630B90529403}.Debug|Any CPU.Build.0 = Debug|Any CPU
		{09ADFB34-41B6-4594-BC31-630B90529403}.Release|Any CPU.ActiveCfg = Release|Any CPU
		{09ADFB34-41B6-4594-BC31-630B90529403}.Release|Any CPU.Build.0 = Release|Any CPU
		{B9396080-08E7-4F63-AF0E-4AC70C2DDE34}.Debug|Any CPU.ActiveCfg = Debug|Any CPU
		{B9396080-08E7-4F63-AF0E-4AC70C2DDE34}.Debug|Any CPU.Build.0 = Debug|Any CPU
		{B9396080-08E7-4F63-AF0E-4AC70C2DDE34}.Release|Any CPU.ActiveCfg = Release|Any CPU
		{B9396080-08E7-4F63-AF0E-4AC70C2DDE34}.Release|Any CPU.Build.0 = Release|Any CPU
		{389D23A3-AF67-45C5-89A8-0CD72C47D464}.Debug|Any CPU.ActiveCfg = Debug|Any CPU
		{389D23A3-AF67-45C5-89A8-0CD72C47D464}.Debug|Any CPU.Build.0 = Debug|Any CPU
		{389D23A3-AF67-45C5-89A8-0CD72C47D464}.Release|Any CPU.ActiveCfg = Release|Any CPU
		{389D23A3-AF67-45C5-89A8-0CD72C47D464}.Release|Any CPU.Build.0 = Release|Any CPU
		{34125474-8858-492E-A0A3-D0AEDF87EFB7}.Debug|Any CPU.ActiveCfg = Debug|Any CPU
		{34125474-8858-492E-A0A3-D0AEDF87EFB7}.Debug|Any CPU.Build.0 = Debug|Any CPU
		{34125474-8858-492E-A0A3-D0AEDF87EFB7}.Release|Any CPU.ActiveCfg = Release|Any CPU
		{34125474-8858-492E-A0A3-D0AEDF87EFB7}.Release|Any CPU.Build.0 = Release|Any CPU
		{B1B60A1B-5929-4B1B-9CCC-BD9B9ABDF696}.Debug|Any CPU.ActiveCfg = Debug|Any CPU
		{B1B60A1B-5929-4B1B-9CCC-BD9B9ABDF696}.Debug|Any CPU.Build.0 = Debug|Any CPU
		{B1B60A1B-5929-4B1B-9CCC-BD9B9ABDF696}.Release|Any CPU.ActiveCfg = Release|Any CPU
		{B1B60A1B-5929-4B1B-9CCC-BD9B9ABDF696}.Release|Any CPU.Build.0 = Release|Any CPU
		{B14A69A6-7B25-4B6B-8BA6-9523A224A58F}.Debug|Any CPU.ActiveCfg = Debug|Any CPU
		{B14A69A6-7B25-4B6B-8BA6-9523A224A58F}.Debug|Any CPU.Build.0 = Debug|Any CPU
		{B14A69A6-7B25-4B6B-8BA6-9523A224A58F}.Release|Any CPU.ActiveCfg = Release|Any CPU
		{B14A69A6-7B25-4B6B-8BA6-9523A224A58F}.Release|Any CPU.Build.0 = Release|Any CPU
		{BAB9DA77-314F-4A28-A22E-63BE49BC94E0}.Debug|Any CPU.ActiveCfg = Debug|Any CPU
		{BAB9DA77-314F-4A28-A22E-63BE49BC94E0}.Debug|Any CPU.Build.0 = Debug|Any CPU
		{BAB9DA77-314F-4A28-A22E-63BE49BC94E0}.Release|Any CPU.ActiveCfg = Release|Any CPU
		{BAB9DA77-314F-4A28-A22E-63BE49BC94E0}.Release|Any CPU.Build.0 = Release|Any CPU
		{F7B4CD90-77D4-4A3A-88E9-36118D8831C9}.Debug|Any CPU.ActiveCfg = Debug|Any CPU
		{F7B4CD90-77D4-4A3A-88E9-36118D8831C9}.Debug|Any CPU.Build.0 = Debug|Any CPU
		{F7B4CD90-77D4-4A3A-88E9-36118D8831C9}.Release|Any CPU.ActiveCfg = Release|Any CPU
		{F7B4CD90-77D4-4A3A-88E9-36118D8831C9}.Release|Any CPU.Build.0 = Release|Any CPU
		{D5BB0486-01F3-4F9A-A8B1-ECF895E0A9A3}.Debug|Any CPU.ActiveCfg = Debug|Any CPU
		{D5BB0486-01F3-4F9A-A8B1-ECF895E0A9A3}.Debug|Any CPU.Build.0 = Debug|Any CPU
		{D5BB0486-01F3-4F9A-A8B1-ECF895E0A9A3}.Release|Any CPU.ActiveCfg = Release|Any CPU
		{D5BB0486-01F3-4F9A-A8B1-ECF895E0A9A3}.Release|Any CPU.Build.0 = Release|Any CPU
		{53645164-B9CC-413E-90A2-CE9E5F1F4DA5}.Debug|Any CPU.ActiveCfg = Debug|Any CPU
		{53645164-B9CC-413E-90A2-CE9E5F1F4DA5}.Debug|Any CPU.Build.0 = Debug|Any CPU
		{53645164-B9CC-413E-90A2-CE9E5F1F4DA5}.Release|Any CPU.ActiveCfg = Release|Any CPU
		{53645164-B9CC-413E-90A2-CE9E5F1F4DA5}.Release|Any CPU.Build.0 = Release|Any CPU
		{E70D8780-522A-4CD9-A994-47B7D6906A55}.Debug|Any CPU.ActiveCfg = Debug|Any CPU
		{E70D8780-522A-4CD9-A994-47B7D6906A55}.Debug|Any CPU.Build.0 = Debug|Any CPU
		{E70D8780-522A-4CD9-A994-47B7D6906A55}.Release|Any CPU.ActiveCfg = Release|Any CPU
		{E70D8780-522A-4CD9-A994-47B7D6906A55}.Release|Any CPU.Build.0 = Release|Any CPU
		{668A4B08-D000-47A4-8D29-51D83D228F02}.Debug|Any CPU.ActiveCfg = Debug|Any CPU
		{668A4B08-D000-47A4-8D29-51D83D228F02}.Debug|Any CPU.Build.0 = Debug|Any CPU
		{668A4B08-D000-47A4-8D29-51D83D228F02}.Release|Any CPU.ActiveCfg = Release|Any CPU
		{668A4B08-D000-47A4-8D29-51D83D228F02}.Release|Any CPU.Build.0 = Release|Any CPU
		{7454D6DB-40B4-4967-8770-2E65C5AE9146}.Debug|Any CPU.ActiveCfg = Debug|Any CPU
		{7454D6DB-40B4-4967-8770-2E65C5AE9146}.Debug|Any CPU.Build.0 = Debug|Any CPU
		{7454D6DB-40B4-4967-8770-2E65C5AE9146}.Release|Any CPU.ActiveCfg = Release|Any CPU
		{7454D6DB-40B4-4967-8770-2E65C5AE9146}.Release|Any CPU.Build.0 = Release|Any CPU
		{FDAD82DD-CD4A-475F-B965-EAE0F0F75AEE}.Debug|Any CPU.ActiveCfg = Debug|Any CPU
		{FDAD82DD-CD4A-475F-B965-EAE0F0F75AEE}.Debug|Any CPU.Build.0 = Debug|Any CPU
		{FDAD82DD-CD4A-475F-B965-EAE0F0F75AEE}.Release|Any CPU.ActiveCfg = Release|Any CPU
		{FDAD82DD-CD4A-475F-B965-EAE0F0F75AEE}.Release|Any CPU.Build.0 = Release|Any CPU
		{C2A200BB-A3AF-417E-ACC0-1DA28D5AD482}.Debug|Any CPU.ActiveCfg = Debug|Any CPU
		{C2A200BB-A3AF-417E-ACC0-1DA28D5AD482}.Debug|Any CPU.Build.0 = Debug|Any CPU
		{C2A200BB-A3AF-417E-ACC0-1DA28D5AD482}.Release|Any CPU.ActiveCfg = Release|Any CPU
		{C2A200BB-A3AF-417E-ACC0-1DA28D5AD482}.Release|Any CPU.Build.0 = Release|Any CPU
		{45C605A7-2F15-4E1D-9FCC-450B4D90E470}.Debug|Any CPU.ActiveCfg = Debug|Any CPU
		{45C605A7-2F15-4E1D-9FCC-450B4D90E470}.Debug|Any CPU.Build.0 = Debug|Any CPU
		{45C605A7-2F15-4E1D-9FCC-450B4D90E470}.Release|Any CPU.ActiveCfg = Release|Any CPU
		{45C605A7-2F15-4E1D-9FCC-450B4D90E470}.Release|Any CPU.Build.0 = Release|Any CPU
		{EC7C4AD9-70BF-409F-8A14-F5644440EAD9}.Debug|Any CPU.ActiveCfg = Debug|Any CPU
		{EC7C4AD9-70BF-409F-8A14-F5644440EAD9}.Debug|Any CPU.Build.0 = Debug|Any CPU
		{EC7C4AD9-70BF-409F-8A14-F5644440EAD9}.Release|Any CPU.ActiveCfg = Release|Any CPU
		{EC7C4AD9-70BF-409F-8A14-F5644440EAD9}.Release|Any CPU.Build.0 = Release|Any CPU
		{25E015EE-3FBC-4629-A359-F835302D8A06}.Debug|Any CPU.ActiveCfg = Debug|Any CPU
		{25E015EE-3FBC-4629-A359-F835302D8A06}.Debug|Any CPU.Build.0 = Debug|Any CPU
		{25E015EE-3FBC-4629-A359-F835302D8A06}.Release|Any CPU.ActiveCfg = Release|Any CPU
		{25E015EE-3FBC-4629-A359-F835302D8A06}.Release|Any CPU.Build.0 = Release|Any CPU
		{36F9A40B-84EA-4ABC-9F09-5AD3AE023C8E}.Debug|Any CPU.ActiveCfg = Debug|Any CPU
		{36F9A40B-84EA-4ABC-9F09-5AD3AE023C8E}.Debug|Any CPU.Build.0 = Debug|Any CPU
		{36F9A40B-84EA-4ABC-9F09-5AD3AE023C8E}.Release|Any CPU.ActiveCfg = Release|Any CPU
		{36F9A40B-84EA-4ABC-9F09-5AD3AE023C8E}.Release|Any CPU.Build.0 = Release|Any CPU
		{486ED8B2-0397-43CA-8B08-2B345606A30A}.Debug|Any CPU.ActiveCfg = Debug|Any CPU
		{486ED8B2-0397-43CA-8B08-2B345606A30A}.Debug|Any CPU.Build.0 = Debug|Any CPU
		{486ED8B2-0397-43CA-8B08-2B345606A30A}.Release|Any CPU.ActiveCfg = Release|Any CPU
		{486ED8B2-0397-43CA-8B08-2B345606A30A}.Release|Any CPU.Build.0 = Release|Any CPU
		{C825F9C6-8B0F-4DEA-86DD-CF400156DE9C}.Debug|Any CPU.ActiveCfg = Debug|Any CPU
		{C825F9C6-8B0F-4DEA-86DD-CF400156DE9C}.Debug|Any CPU.Build.0 = Debug|Any CPU
		{C825F9C6-8B0F-4DEA-86DD-CF400156DE9C}.Release|Any CPU.ActiveCfg = Release|Any CPU
		{C825F9C6-8B0F-4DEA-86DD-CF400156DE9C}.Release|Any CPU.Build.0 = Release|Any CPU
		{312B03CE-DF1C-4F16-8126-AD3475309550}.Debug|Any CPU.ActiveCfg = Debug|Any CPU
		{312B03CE-DF1C-4F16-8126-AD3475309550}.Debug|Any CPU.Build.0 = Debug|Any CPU
		{312B03CE-DF1C-4F16-8126-AD3475309550}.Release|Any CPU.ActiveCfg = Release|Any CPU
		{312B03CE-DF1C-4F16-8126-AD3475309550}.Release|Any CPU.Build.0 = Release|Any CPU
		{4C38E613-DC3B-430D-89BA-9BCEA8855DBD}.Debug|Any CPU.ActiveCfg = Debug|Any CPU
		{4C38E613-DC3B-430D-89BA-9BCEA8855DBD}.Debug|Any CPU.Build.0 = Debug|Any CPU
		{4C38E613-DC3B-430D-89BA-9BCEA8855DBD}.Release|Any CPU.ActiveCfg = Release|Any CPU
		{4C38E613-DC3B-430D-89BA-9BCEA8855DBD}.Release|Any CPU.Build.0 = Release|Any CPU
		{F223B571-8A8C-4958-9586-34937ED5EE77}.Debug|Any CPU.ActiveCfg = Debug|Any CPU
		{F223B571-8A8C-4958-9586-34937ED5EE77}.Debug|Any CPU.Build.0 = Debug|Any CPU
		{F223B571-8A8C-4958-9586-34937ED5EE77}.Release|Any CPU.ActiveCfg = Release|Any CPU
		{F223B571-8A8C-4958-9586-34937ED5EE77}.Release|Any CPU.Build.0 = Release|Any CPU
		{A8711394-82EF-4B01-8273-1312BA3D5E5F}.Debug|Any CPU.ActiveCfg = Debug|Any CPU
		{A8711394-82EF-4B01-8273-1312BA3D5E5F}.Debug|Any CPU.Build.0 = Debug|Any CPU
		{A8711394-82EF-4B01-8273-1312BA3D5E5F}.Release|Any CPU.ActiveCfg = Release|Any CPU
		{A8711394-82EF-4B01-8273-1312BA3D5E5F}.Release|Any CPU.Build.0 = Release|Any CPU
		{EA8CF702-D036-4C4C-8ACA-CCA68E8F1B35}.Debug|Any CPU.ActiveCfg = Debug|Any CPU
		{EA8CF702-D036-4C4C-8ACA-CCA68E8F1B35}.Debug|Any CPU.Build.0 = Debug|Any CPU
		{EA8CF702-D036-4C4C-8ACA-CCA68E8F1B35}.Release|Any CPU.ActiveCfg = Release|Any CPU
		{EA8CF702-D036-4C4C-8ACA-CCA68E8F1B35}.Release|Any CPU.Build.0 = Release|Any CPU
		{E5060168-D8A3-4BA0-A5A0-A0CE85D8CDD6}.Debug|Any CPU.ActiveCfg = Debug|Any CPU
		{E5060168-D8A3-4BA0-A5A0-A0CE85D8CDD6}.Debug|Any CPU.Build.0 = Debug|Any CPU
		{E5060168-D8A3-4BA0-A5A0-A0CE85D8CDD6}.Release|Any CPU.ActiveCfg = Release|Any CPU
		{E5060168-D8A3-4BA0-A5A0-A0CE85D8CDD6}.Release|Any CPU.Build.0 = Release|Any CPU
		{2AE89C31-B154-4324-9C8C-F74D340F6E91}.Debug|Any CPU.ActiveCfg = Debug|Any CPU
		{2AE89C31-B154-4324-9C8C-F74D340F6E91}.Debug|Any CPU.Build.0 = Debug|Any CPU
		{2AE89C31-B154-4324-9C8C-F74D340F6E91}.Release|Any CPU.ActiveCfg = Release|Any CPU
		{2AE89C31-B154-4324-9C8C-F74D340F6E91}.Release|Any CPU.Build.0 = Release|Any CPU
		{70F0B9AB-6D59-4D8E-9E7C-278656FD7EF9}.Debug|Any CPU.ActiveCfg = Debug|Any CPU
		{70F0B9AB-6D59-4D8E-9E7C-278656FD7EF9}.Debug|Any CPU.Build.0 = Debug|Any CPU
		{70F0B9AB-6D59-4D8E-9E7C-278656FD7EF9}.Release|Any CPU.ActiveCfg = Release|Any CPU
		{70F0B9AB-6D59-4D8E-9E7C-278656FD7EF9}.Release|Any CPU.Build.0 = Release|Any CPU
		{0E3024CC-8670-46BA-A782-D3C5B4E6C893}.Debug|Any CPU.ActiveCfg = Debug|Any CPU
		{0E3024CC-8670-46BA-A782-D3C5B4E6C893}.Debug|Any CPU.Build.0 = Debug|Any CPU
		{0E3024CC-8670-46BA-A782-D3C5B4E6C893}.Release|Any CPU.ActiveCfg = Release|Any CPU
		{0E3024CC-8670-46BA-A782-D3C5B4E6C893}.Release|Any CPU.Build.0 = Release|Any CPU
		{764EBFC2-3949-469D-BDAB-8A6A599FF336}.Debug|Any CPU.ActiveCfg = Debug|Any CPU
		{764EBFC2-3949-469D-BDAB-8A6A599FF336}.Debug|Any CPU.Build.0 = Debug|Any CPU
		{764EBFC2-3949-469D-BDAB-8A6A599FF336}.Release|Any CPU.ActiveCfg = Release|Any CPU
		{764EBFC2-3949-469D-BDAB-8A6A599FF336}.Release|Any CPU.Build.0 = Release|Any CPU
		{3BAC5D75-34B1-4D56-BC72-50687DF2B5FB}.Debug|Any CPU.ActiveCfg = Debug|Any CPU
		{3BAC5D75-34B1-4D56-BC72-50687DF2B5FB}.Debug|Any CPU.Build.0 = Debug|Any CPU
		{3BAC5D75-34B1-4D56-BC72-50687DF2B5FB}.Release|Any CPU.ActiveCfg = Release|Any CPU
		{3BAC5D75-34B1-4D56-BC72-50687DF2B5FB}.Release|Any CPU.Build.0 = Release|Any CPU
		{DAB73A4B-EE73-4C98-8DE9-759C7B57E4AB}.Debug|Any CPU.ActiveCfg = Debug|Any CPU
		{DAB73A4B-EE73-4C98-8DE9-759C7B57E4AB}.Debug|Any CPU.Build.0 = Debug|Any CPU
		{DAB73A4B-EE73-4C98-8DE9-759C7B57E4AB}.Release|Any CPU.ActiveCfg = Release|Any CPU
		{DAB73A4B-EE73-4C98-8DE9-759C7B57E4AB}.Release|Any CPU.Build.0 = Release|Any CPU
		{1496D552-0424-4C61-823A-A14981EB0D3F}.Debug|Any CPU.ActiveCfg = Debug|Any CPU
		{1496D552-0424-4C61-823A-A14981EB0D3F}.Debug|Any CPU.Build.0 = Debug|Any CPU
		{1496D552-0424-4C61-823A-A14981EB0D3F}.Release|Any CPU.ActiveCfg = Release|Any CPU
		{1496D552-0424-4C61-823A-A14981EB0D3F}.Release|Any CPU.Build.0 = Release|Any CPU
		{10935A27-AEFB-4E49-87FA-2060D32180EF}.Debug|Any CPU.ActiveCfg = Debug|Any CPU
		{10935A27-AEFB-4E49-87FA-2060D32180EF}.Debug|Any CPU.Build.0 = Debug|Any CPU
		{10935A27-AEFB-4E49-87FA-2060D32180EF}.Release|Any CPU.ActiveCfg = Release|Any CPU
		{10935A27-AEFB-4E49-87FA-2060D32180EF}.Release|Any CPU.Build.0 = Release|Any CPU
		{FCDD27A7-2696-4777-BAB9-3E0EC6F39E81}.Debug|Any CPU.ActiveCfg = Debug|Any CPU
		{FCDD27A7-2696-4777-BAB9-3E0EC6F39E81}.Debug|Any CPU.Build.0 = Debug|Any CPU
		{FCDD27A7-2696-4777-BAB9-3E0EC6F39E81}.Release|Any CPU.ActiveCfg = Release|Any CPU
		{FCDD27A7-2696-4777-BAB9-3E0EC6F39E81}.Release|Any CPU.Build.0 = Release|Any CPU
		{835961A0-914B-4DC1-8FCE-DF093EFC5F49}.Debug|Any CPU.ActiveCfg = Debug|Any CPU
		{835961A0-914B-4DC1-8FCE-DF093EFC5F49}.Debug|Any CPU.Build.0 = Debug|Any CPU
		{835961A0-914B-4DC1-8FCE-DF093EFC5F49}.Release|Any CPU.ActiveCfg = Release|Any CPU
		{835961A0-914B-4DC1-8FCE-DF093EFC5F49}.Release|Any CPU.Build.0 = Release|Any CPU
		{ECD23F09-D73F-43C4-849E-B498BBAD16A8}.Debug|Any CPU.ActiveCfg = Debug|Any CPU
		{ECD23F09-D73F-43C4-849E-B498BBAD16A8}.Debug|Any CPU.Build.0 = Debug|Any CPU
		{ECD23F09-D73F-43C4-849E-B498BBAD16A8}.Release|Any CPU.ActiveCfg = Release|Any CPU
		{ECD23F09-D73F-43C4-849E-B498BBAD16A8}.Release|Any CPU.Build.0 = Release|Any CPU
		{D6A5760B-E05A-41F3-817B-7343C0960144}.Debug|Any CPU.ActiveCfg = Debug|Any CPU
		{D6A5760B-E05A-41F3-817B-7343C0960144}.Debug|Any CPU.Build.0 = Debug|Any CPU
		{D6A5760B-E05A-41F3-817B-7343C0960144}.Release|Any CPU.ActiveCfg = Release|Any CPU
		{D6A5760B-E05A-41F3-817B-7343C0960144}.Release|Any CPU.Build.0 = Release|Any CPU
		{5E6D677A-915C-4822-B08E-76E27DE4A2A1}.Debug|Any CPU.ActiveCfg = Debug|Any CPU
		{5E6D677A-915C-4822-B08E-76E27DE4A2A1}.Debug|Any CPU.Build.0 = Debug|Any CPU
		{5E6D677A-915C-4822-B08E-76E27DE4A2A1}.Release|Any CPU.ActiveCfg = Release|Any CPU
		{5E6D677A-915C-4822-B08E-76E27DE4A2A1}.Release|Any CPU.Build.0 = Release|Any CPU
		{2B4A4B26-F208-44C4-ADD4-5E6C3905F4D2}.Debug|Any CPU.ActiveCfg = Debug|Any CPU
		{2B4A4B26-F208-44C4-ADD4-5E6C3905F4D2}.Debug|Any CPU.Build.0 = Debug|Any CPU
		{2B4A4B26-F208-44C4-ADD4-5E6C3905F4D2}.Release|Any CPU.ActiveCfg = Release|Any CPU
		{2B4A4B26-F208-44C4-ADD4-5E6C3905F4D2}.Release|Any CPU.Build.0 = Release|Any CPU
		{FDD00C6F-219E-44A0-A2D8-BB8EB1839610}.Debug|Any CPU.ActiveCfg = Debug|Any CPU
		{FDD00C6F-219E-44A0-A2D8-BB8EB1839610}.Debug|Any CPU.Build.0 = Debug|Any CPU
		{FDD00C6F-219E-44A0-A2D8-BB8EB1839610}.Release|Any CPU.ActiveCfg = Release|Any CPU
		{FDD00C6F-219E-44A0-A2D8-BB8EB1839610}.Release|Any CPU.Build.0 = Release|Any CPU
		{362FF981-B11A-4B81-81F6-AD58F44E5969}.Debug|Any CPU.ActiveCfg = Debug|Any CPU
		{362FF981-B11A-4B81-81F6-AD58F44E5969}.Debug|Any CPU.Build.0 = Debug|Any CPU
		{362FF981-B11A-4B81-81F6-AD58F44E5969}.Release|Any CPU.ActiveCfg = Release|Any CPU
		{362FF981-B11A-4B81-81F6-AD58F44E5969}.Release|Any CPU.Build.0 = Release|Any CPU
		{FDB2A236-CEBC-4129-ADCC-7FAD109D6056}.Debug|Any CPU.ActiveCfg = Debug|Any CPU
		{FDB2A236-CEBC-4129-ADCC-7FAD109D6056}.Debug|Any CPU.Build.0 = Debug|Any CPU
		{FDB2A236-CEBC-4129-ADCC-7FAD109D6056}.Release|Any CPU.ActiveCfg = Release|Any CPU
		{FDB2A236-CEBC-4129-ADCC-7FAD109D6056}.Release|Any CPU.Build.0 = Release|Any CPU
		{BD504418-59F5-4503-888B-37A081919DC1}.Debug|Any CPU.ActiveCfg = Debug|Any CPU
		{BD504418-59F5-4503-888B-37A081919DC1}.Debug|Any CPU.Build.0 = Debug|Any CPU
		{BD504418-59F5-4503-888B-37A081919DC1}.Release|Any CPU.ActiveCfg = Release|Any CPU
		{BD504418-59F5-4503-888B-37A081919DC1}.Release|Any CPU.Build.0 = Release|Any CPU
		{2C2AC52A-1097-4BCF-A67C-D0A6EE9C4E3E}.Debug|Any CPU.ActiveCfg = Debug|Any CPU
		{2C2AC52A-1097-4BCF-A67C-D0A6EE9C4E3E}.Debug|Any CPU.Build.0 = Debug|Any CPU
		{2C2AC52A-1097-4BCF-A67C-D0A6EE9C4E3E}.Release|Any CPU.ActiveCfg = Release|Any CPU
		{2C2AC52A-1097-4BCF-A67C-D0A6EE9C4E3E}.Release|Any CPU.Build.0 = Release|Any CPU
		{8E8EE8E0-5B99-49EE-804B-EA7955536D94}.Debug|Any CPU.ActiveCfg = Debug|Any CPU
		{8E8EE8E0-5B99-49EE-804B-EA7955536D94}.Debug|Any CPU.Build.0 = Debug|Any CPU
		{8E8EE8E0-5B99-49EE-804B-EA7955536D94}.Release|Any CPU.ActiveCfg = Release|Any CPU
		{8E8EE8E0-5B99-49EE-804B-EA7955536D94}.Release|Any CPU.Build.0 = Release|Any CPU
		{2A7EE04A-C9EE-41C8-9D3A-7015F28AA544}.Debug|Any CPU.ActiveCfg = Debug|Any CPU
		{2A7EE04A-C9EE-41C8-9D3A-7015F28AA544}.Debug|Any CPU.Build.0 = Debug|Any CPU
		{2A7EE04A-C9EE-41C8-9D3A-7015F28AA544}.Release|Any CPU.ActiveCfg = Release|Any CPU
		{2A7EE04A-C9EE-41C8-9D3A-7015F28AA544}.Release|Any CPU.Build.0 = Release|Any CPU
		{C4BEBAED-7298-4870-916F-6ED39AEBC9EA}.Debug|Any CPU.ActiveCfg = Debug|Any CPU
		{C4BEBAED-7298-4870-916F-6ED39AEBC9EA}.Debug|Any CPU.Build.0 = Debug|Any CPU
		{C4BEBAED-7298-4870-916F-6ED39AEBC9EA}.Release|Any CPU.ActiveCfg = Release|Any CPU
		{C4BEBAED-7298-4870-916F-6ED39AEBC9EA}.Release|Any CPU.Build.0 = Release|Any CPU
		{8F22CF5B-2CA9-4020-97C2-975D0A67F232}.Debug|Any CPU.ActiveCfg = Debug|Any CPU
		{8F22CF5B-2CA9-4020-97C2-975D0A67F232}.Debug|Any CPU.Build.0 = Debug|Any CPU
		{8F22CF5B-2CA9-4020-97C2-975D0A67F232}.Release|Any CPU.ActiveCfg = Release|Any CPU
		{8F22CF5B-2CA9-4020-97C2-975D0A67F232}.Release|Any CPU.Build.0 = Release|Any CPU
	EndGlobalSection
	GlobalSection(SolutionProperties) = preSolution
		HideSolutionNode = FALSE
	EndGlobalSection
	GlobalSection(NestedProjects) = preSolution
		{129778D1-53BF-4990-9C52-3B134C2EA5F2} = {C91578A7-AA97-4963-890C-0153A94D6585}
		{07E6DBA9-3582-47A3-BD66-28ED94B34081} = {C0899785-B139-4FC9-9EDE-AD5B4842FB5A}
		{FCA9CDD0-61AC-4AD0-BFF6-ED5257CA4391} = {C0899785-B139-4FC9-9EDE-AD5B4842FB5A}
		{8707E465-EF40-47A9-B373-CEDA0B680905} = {C0899785-B139-4FC9-9EDE-AD5B4842FB5A}
		{AC15C6A7-3328-4E5B-ADC5-072022DCFACE} = {C0899785-B139-4FC9-9EDE-AD5B4842FB5A}
		{A2A10F39-857F-4A5B-B84D-CE203FE55065} = {C0899785-B139-4FC9-9EDE-AD5B4842FB5A}
		{6279B558-D302-4720-8863-32C7F82B3070} = {C0899785-B139-4FC9-9EDE-AD5B4842FB5A}
		{32BEFC7F-3684-462E-B34A-564D3802D178} = {3E0AD8AC-6660-4951-8B39-35C0D8FE50CF}
		{CCBACD59-C823-4D75-996A-645A6FD9AE84} = {3E0AD8AC-6660-4951-8B39-35C0D8FE50CF}
		{6FEECFC8-49B9-4ABA-85D1-FA03A56D0E66} = {3E0AD8AC-6660-4951-8B39-35C0D8FE50CF}
		{CBD64CF7-936E-4C19-A5B6-0D4853F44652} = {3E0AD8AC-6660-4951-8B39-35C0D8FE50CF}
		{78BB1CAB-E2C9-4DDF-86A9-5D314B1D43B4} = {3E0AD8AC-6660-4951-8B39-35C0D8FE50CF}
		{BC6AC36B-5EE1-4FED-811A-763D56017836} = {3E0AD8AC-6660-4951-8B39-35C0D8FE50CF}
		{739F1714-262E-4A2A-823D-56DB02E8CC1D} = {A3FE1393-4DBD-4C8D-9564-72ACFB11FD56}
		{8EA88034-4DFE-4C0B-977D-DB317E89775D} = {A3FE1393-4DBD-4C8D-9564-72ACFB11FD56}
		{DF1345C3-8EFE-49DF-AC45-E4749C1C7187} = {A3FE1393-4DBD-4C8D-9564-72ACFB11FD56}
		{D4DDB85F-BDF9-422C-A4F6-54752166C263} = {A3FE1393-4DBD-4C8D-9564-72ACFB11FD56}
		{DCC21F1F-2AA4-467F-BE14-2B55839518EB} = {A3FE1393-4DBD-4C8D-9564-72ACFB11FD56}
		{E631F4AC-4453-4AE6-B25E-4B69C30A562C} = {A3FE1393-4DBD-4C8D-9564-72ACFB11FD56}
		{C0C0FA63-3273-487F-955F-4E1BD06BB902} = {A3FE1393-4DBD-4C8D-9564-72ACFB11FD56}
		{3BAF70A3-3E90-469F-A503-22C8974122A9} = {A3FE1393-4DBD-4C8D-9564-72ACFB11FD56}
		{5E459617-2A58-4A8F-AAF1-F46047ED5332} = {EA02DFC4-1BAD-4898-AE58-F3485F6A98DF}
		{E40C5AD3-A9C7-4F8E-92C1-E06989E45EA7} = {EA02DFC4-1BAD-4898-AE58-F3485F6A98DF}
		{09ADFB34-41B6-4594-BC31-630B90529403} = {EA02DFC4-1BAD-4898-AE58-F3485F6A98DF}
		{B9396080-08E7-4F63-AF0E-4AC70C2DDE34} = {EA02DFC4-1BAD-4898-AE58-F3485F6A98DF}
		{389D23A3-AF67-45C5-89A8-0CD72C47D464} = {8688B6A7-00BA-4B5B-8D8C-0D7090C1FCC3}
		{34125474-8858-492E-A0A3-D0AEDF87EFB7} = {8688B6A7-00BA-4B5B-8D8C-0D7090C1FCC3}
		{B1B60A1B-5929-4B1B-9CCC-BD9B9ABDF696} = {693CC25D-CBE2-485E-9500-EC7EEFC98CB2}
		{B14A69A6-7B25-4B6B-8BA6-9523A224A58F} = {693CC25D-CBE2-485E-9500-EC7EEFC98CB2}
		{BAB9DA77-314F-4A28-A22E-63BE49BC94E0} = {693CC25D-CBE2-485E-9500-EC7EEFC98CB2}
		{F7B4CD90-77D4-4A3A-88E9-36118D8831C9} = {DF729E2C-1226-4FDF-87BD-E09B37CCC37F}
		{D5BB0486-01F3-4F9A-A8B1-ECF895E0A9A3} = {DF729E2C-1226-4FDF-87BD-E09B37CCC37F}
		{53645164-B9CC-413E-90A2-CE9E5F1F4DA5} = {DF729E2C-1226-4FDF-87BD-E09B37CCC37F}
		{E70D8780-522A-4CD9-A994-47B7D6906A55} = {DF729E2C-1226-4FDF-87BD-E09B37CCC37F}
		{668A4B08-D000-47A4-8D29-51D83D228F02} = {78EC7CD8-A365-48BE-9AD2-C965703E580F}
		{7454D6DB-40B4-4967-8770-2E65C5AE9146} = {78EC7CD8-A365-48BE-9AD2-C965703E580F}
		{FDAD82DD-CD4A-475F-B965-EAE0F0F75AEE} = {78EC7CD8-A365-48BE-9AD2-C965703E580F}
		{C2A200BB-A3AF-417E-ACC0-1DA28D5AD482} = {78EC7CD8-A365-48BE-9AD2-C965703E580F}
		{45C605A7-2F15-4E1D-9FCC-450B4D90E470} = {F151CE78-A5E2-4C21-BAEE-41E5C15E10CC}
		{EC7C4AD9-70BF-409F-8A14-F5644440EAD9} = {FD307FCC-8BF1-417C-9823-295233AC8D7E}
		{25E015EE-3FBC-4629-A359-F835302D8A06} = {FD307FCC-8BF1-417C-9823-295233AC8D7E}
		{36F9A40B-84EA-4ABC-9F09-5AD3AE023C8E} = {FD307FCC-8BF1-417C-9823-295233AC8D7E}
		{486ED8B2-0397-43CA-8B08-2B345606A30A} = {FD307FCC-8BF1-417C-9823-295233AC8D7E}
		{C825F9C6-8B0F-4DEA-86DD-CF400156DE9C} = {FD307FCC-8BF1-417C-9823-295233AC8D7E}
		{312B03CE-DF1C-4F16-8126-AD3475309550} = {FD307FCC-8BF1-417C-9823-295233AC8D7E}
		{4C38E613-DC3B-430D-89BA-9BCEA8855DBD} = {FD307FCC-8BF1-417C-9823-295233AC8D7E}
		{F223B571-8A8C-4958-9586-34937ED5EE77} = {FD307FCC-8BF1-417C-9823-295233AC8D7E}
		{A8711394-82EF-4B01-8273-1312BA3D5E5F} = {FD307FCC-8BF1-417C-9823-295233AC8D7E}
		{EA8CF702-D036-4C4C-8ACA-CCA68E8F1B35} = {FD307FCC-8BF1-417C-9823-295233AC8D7E}
		{E5060168-D8A3-4BA0-A5A0-A0CE85D8CDD6} = {FD307FCC-8BF1-417C-9823-295233AC8D7E}
		{2AE89C31-B154-4324-9C8C-F74D340F6E91} = {B61A4C53-A610-4DC8-B51A-F02CA4B28195}
		{70F0B9AB-6D59-4D8E-9E7C-278656FD7EF9} = {B61A4C53-A610-4DC8-B51A-F02CA4B28195}
		{0E3024CC-8670-46BA-A782-D3C5B4E6C893} = {B61A4C53-A610-4DC8-B51A-F02CA4B28195}
		{764EBFC2-3949-469D-BDAB-8A6A599FF336} = {B61A4C53-A610-4DC8-B51A-F02CA4B28195}
		{3BAC5D75-34B1-4D56-BC72-50687DF2B5FB} = {B61A4C53-A610-4DC8-B51A-F02CA4B28195}
		{DAB73A4B-EE73-4C98-8DE9-759C7B57E4AB} = {B61A4C53-A610-4DC8-B51A-F02CA4B28195}
		{1496D552-0424-4C61-823A-A14981EB0D3F} = {9DBDF3FE-AED5-4DB9-B23E-A2EF15A4E6E2}
		{10935A27-AEFB-4E49-87FA-2060D32180EF} = {FD307FCC-8BF1-417C-9823-295233AC8D7E}
		{FCDD27A7-2696-4777-BAB9-3E0EC6F39E81} = {AB11D7EE-B423-4DF5-B953-E1BDF6BECDD0}
		{835961A0-914B-4DC1-8FCE-DF093EFC5F49} = {8688B6A7-00BA-4B5B-8D8C-0D7090C1FCC3}
		{ECD23F09-D73F-43C4-849E-B498BBAD16A8} = {8688B6A7-00BA-4B5B-8D8C-0D7090C1FCC3}
		{D6A5760B-E05A-41F3-817B-7343C0960144} = {F151CE78-A5E2-4C21-BAEE-41E5C15E10CC}
		{5E6D677A-915C-4822-B08E-76E27DE4A2A1} = {1BA29C2F-B28A-4AA1-B906-9A975A3DB872}
		{2B4A4B26-F208-44C4-ADD4-5E6C3905F4D2} = {C26F37A8-3F2F-4989-8AD3-FF951C616CB6}
		{FDD00C6F-219E-44A0-A2D8-BB8EB1839610} = {E68E4501-FFE3-4B73-95BA-BAD4E8EDE2B4}
		{362FF981-B11A-4B81-81F6-AD58F44E5969} = {E68E4501-FFE3-4B73-95BA-BAD4E8EDE2B4}
		{FDB2A236-CEBC-4129-ADCC-7FAD109D6056} = {E68E4501-FFE3-4B73-95BA-BAD4E8EDE2B4}
		{BD504418-59F5-4503-888B-37A081919DC1} = {E3053425-A18D-4150-BDE0-D949444AB870}
		{2C2AC52A-1097-4BCF-A67C-D0A6EE9C4E3E} = {E3053425-A18D-4150-BDE0-D949444AB870}
		{8E8EE8E0-5B99-49EE-804B-EA7955536D94} = {E3053425-A18D-4150-BDE0-D949444AB870}
		{2A7EE04A-C9EE-41C8-9D3A-7015F28AA544} = {FE2B4318-6DDC-496B-99D5-26757CA9DA88}
		{C4BEBAED-7298-4870-916F-6ED39AEBC9EA} = {FE2B4318-6DDC-496B-99D5-26757CA9DA88}
		{8F22CF5B-2CA9-4020-97C2-975D0A67F232} = {FE2B4318-6DDC-496B-99D5-26757CA9DA88}
	EndGlobalSection
	GlobalSection(ExtensibilityGlobals) = postSolution
		SolutionGuid = {443C66CD-031C-4D59-A37D-FAF544623B7E}
	EndGlobalSection
EndGlobal
