
Microsoft Visual Studio Solution File, Format Version 12.00
# Visual Studio 15
VisualStudioVersion = 15.0.27004.2008
MinimumVisualStudioVersion = 10.0.40219.1
Project("{2150E333-8FDC-42A3-9474-1A3956D46DE8}") = "01 kintamieji", "01 kintamieji", "{C91578A7-AA97-4963-890C-0153A94D6585}"
EndProject
Project("{2150E333-8FDC-42A3-9474-1A3956D46DE8}") = "02 isvedimas", "02 isvedimas", "{C0899785-B139-4FC9-9EDE-AD5B4842FB5A}"
EndProject
Project("{2150E333-8FDC-42A3-9474-1A3956D46DE8}") = "03 aritmetiniai veiksmai", "03 aritmetiniai veiksmai", "{3E0AD8AC-6660-4951-8B39-35C0D8FE50CF}"
EndProject
Project("{2150E333-8FDC-42A3-9474-1A3956D46DE8}") = "04 ivedimas", "04 ivedimas", "{A3FE1393-4DBD-4C8D-9564-72ACFB11FD56}"
EndProject
Project("{FAE04EC0-301F-11D3-BF4B-00C04F79EFBC}") = "1-1 uzduotis", "1-1 uzduotis\1-1 uzduotis.csproj", "{129778D1-53BF-4990-9C52-3B134C2EA5F2}"
EndProject
Global
	GlobalSection(SolutionConfigurationPlatforms) = preSolution
		Debug|Any CPU = Debug|Any CPU
		Release|Any CPU = Release|Any CPU
	EndGlobalSection
	GlobalSection(ProjectConfigurationPlatforms) = postSolution
		{129778D1-53BF-4990-9C52-3B134C2EA5F2}.Debug|Any CPU.ActiveCfg = Debug|Any CPU
		{129778D1-53BF-4990-9C52-3B134C2EA5F2}.Debug|Any CPU.Build.0 = Debug|Any CPU
		{129778D1-53BF-4990-9C52-3B134C2EA5F2}.Release|Any CPU.ActiveCfg = Release|Any CPU
		{129778D1-53BF-4990-9C52-3B134C2EA5F2}.Release|Any CPU.Build.0 = Release|Any CPU
	EndGlobalSection
	GlobalSection(SolutionProperties) = preSolution
		HideSolutionNode = FALSE
	EndGlobalSection
	GlobalSection(NestedProjects) = preSolution
		{129778D1-53BF-4990-9C52-3B134C2EA5F2} = {C91578A7-AA97-4963-890C-0153A94D6585}
	EndGlobalSection
	GlobalSection(ExtensibilityGlobals) = postSolution
		SolutionGuid = {443C66CD-031C-4D59-A37D-FAF544623B7E}
	EndGlobalSection
EndGlobal
